
Microsoft Visual Studio Solution File, Format Version 12.00
# Visual Studio Version 16
VisualStudioVersion = 16.0.31019.35
MinimumVisualStudioVersion = 10.0.40219.1
Project("{FAE04EC0-301F-11D3-BF4B-00C04F79EFBC}") = "AASCal", "AASCal\AASCal.csproj", "{9A39CEFC-E267-45DE-AED4-FA1EEAC528B4}"
EndProject
Global
	GlobalSection(SolutionConfigurationPlatforms) = preSolution
		Debug|Any CPU = Debug|Any CPU
		Release|Any CPU = Release|Any CPU
	EndGlobalSection
	GlobalSection(ProjectConfigurationPlatforms) = postSolution
		{9A39CEFC-E267-45DE-AED4-FA1EEAC528B4}.Debug|Any CPU.ActiveCfg = Debug|Any CPU
		{9A39CEFC-E267-45DE-AED4-FA1EEAC528B4}.Debug|Any CPU.Build.0 = Debug|Any CPU
		{9A39CEFC-E267-45DE-AED4-FA1EEAC528B4}.Release|Any CPU.ActiveCfg = Release|Any CPU
		{9A39CEFC-E267-45DE-AED4-FA1EEAC528B4}.Release|Any CPU.Build.0 = Release|Any CPU
	EndGlobalSection
	GlobalSection(SolutionProperties) = preSolution
		HideSolutionNode = FALSE
	EndGlobalSection
	GlobalSection(ExtensibilityGlobals) = postSolution
		SolutionGuid = {384D1909-B9D1-4E5D-96FF-6FEC4F540C15}
	EndGlobalSection
EndGlobal
